// !$*UTF8*$!
{
	archiveVersion = 1;
	classes = {
	};
	objectVersion = 50;
	objects = {

/* Begin PBXBuildFile section */
		301972B9243E2456000C00FE /* AppDelegate.swift in Sources */ = {isa = PBXBuildFile; fileRef = 301972B8243E2456000C00FE /* AppDelegate.swift */; };
		301972BB243E2456000C00FE /* SceneDelegate.swift in Sources */ = {isa = PBXBuildFile; fileRef = 301972BA243E2456000C00FE /* SceneDelegate.swift */; };
		301972BD243E2456000C00FE /* CreateUserViewController.swift in Sources */ = {isa = PBXBuildFile; fileRef = 301972BC243E2456000C00FE /* CreateUserViewController.swift */; };
		301972C0243E2456000C00FE /* Main.storyboard in Resources */ = {isa = PBXBuildFile; fileRef = 301972BE243E2456000C00FE /* Main.storyboard */; };
		301972C2243E2458000C00FE /* Assets.xcassets in Resources */ = {isa = PBXBuildFile; fileRef = 301972C1243E2458000C00FE /* Assets.xcassets */; };
		301972C5243E2458000C00FE /* LaunchScreen.storyboard in Resources */ = {isa = PBXBuildFile; fileRef = 301972C3243E2458000C00FE /* LaunchScreen.storyboard */; };
		30F7686D243E558B0050DF2A /* FinanceViewController.swift in Sources */ = {isa = PBXBuildFile; fileRef = 30F7686C243E558B0050DF2A /* FinanceViewController.swift */; };
		30F7686F243E55A80050DF2A /* UserInfoViewController.swift in Sources */ = {isa = PBXBuildFile; fileRef = 30F7686E243E55A80050DF2A /* UserInfoViewController.swift */; };
/* End PBXBuildFile section */

/* Begin PBXFileReference section */
		301972B5243E2456000C00FE /* Pursuit-Core-iOS-KVO-Lab.app */ = {isa = PBXFileReference; explicitFileType = wrapper.application; includeInIndex = 0; path = "Pursuit-Core-iOS-KVO-Lab.app"; sourceTree = BUILT_PRODUCTS_DIR; };
		301972B8243E2456000C00FE /* AppDelegate.swift */ = {isa = PBXFileReference; lastKnownFileType = sourcecode.swift; path = AppDelegate.swift; sourceTree = "<group>"; };
		301972BA243E2456000C00FE /* SceneDelegate.swift */ = {isa = PBXFileReference; lastKnownFileType = sourcecode.swift; path = SceneDelegate.swift; sourceTree = "<group>"; };
		301972BC243E2456000C00FE /* CreateUserViewController.swift */ = {isa = PBXFileReference; lastKnownFileType = sourcecode.swift; path = CreateUserViewController.swift; sourceTree = "<group>"; };
		301972BF243E2456000C00FE /* Base */ = {isa = PBXFileReference; lastKnownFileType = file.storyboard; name = Base; path = Base.lproj/Main.storyboard; sourceTree = "<group>"; };
		301972C1243E2458000C00FE /* Assets.xcassets */ = {isa = PBXFileReference; lastKnownFileType = folder.assetcatalog; path = Assets.xcassets; sourceTree = "<group>"; };
		301972C4243E2458000C00FE /* Base */ = {isa = PBXFileReference; lastKnownFileType = file.storyboard; name = Base; path = Base.lproj/LaunchScreen.storyboard; sourceTree = "<group>"; };
		301972C6243E2458000C00FE /* Info.plist */ = {isa = PBXFileReference; lastKnownFileType = text.plist.xml; path = Info.plist; sourceTree = "<group>"; };
		30F7686C243E558B0050DF2A /* FinanceViewController.swift */ = {isa = PBXFileReference; lastKnownFileType = sourcecode.swift; path = FinanceViewController.swift; sourceTree = "<group>"; };
		30F7686E243E55A80050DF2A /* UserInfoViewController.swift */ = {isa = PBXFileReference; lastKnownFileType = sourcecode.swift; path = UserInfoViewController.swift; sourceTree = "<group>"; };
/* End PBXFileReference section */

/* Begin PBXFrameworksBuildPhase section */
		301972B2243E2456000C00FE /* Frameworks */ = {
			isa = PBXFrameworksBuildPhase;
			buildActionMask = 2147483647;
			files = (
			);
			runOnlyForDeploymentPostprocessing = 0;
		};
/* End PBXFrameworksBuildPhase section */

/* Begin PBXGroup section */
		301972AC243E2456000C00FE = {
			isa = PBXGroup;
			children = (
				301972B7243E2456000C00FE /* Pursuit-Core-iOS-KVO-Lab */,
				301972B6243E2456000C00FE /* Products */,
			);
			sourceTree = "<group>";
		};
		301972B6243E2456000C00FE /* Products */ = {
			isa = PBXGroup;
			children = (
				301972B5243E2456000C00FE /* Pursuit-Core-iOS-KVO-Lab.app */,
			);
			name = Products;
			sourceTree = "<group>";
		};
		301972B7243E2456000C00FE /* Pursuit-Core-iOS-KVO-Lab */ = {
			isa = PBXGroup;
			children = (
				301972B8243E2456000C00FE /* AppDelegate.swift */,
				301972BA243E2456000C00FE /* SceneDelegate.swift */,
				301972BC243E2456000C00FE /* CreateUserViewController.swift */,
				30F7686C243E558B0050DF2A /* FinanceViewController.swift */,
				30F7686E243E55A80050DF2A /* UserInfoViewController.swift */,
				301972BE243E2456000C00FE /* Main.storyboard */,
				301972C1243E2458000C00FE /* Assets.xcassets */,
				301972C3243E2458000C00FE /* LaunchScreen.storyboard */,
				301972C6243E2458000C00FE /* Info.plist */,
			);
			path = "Pursuit-Core-iOS-KVO-Lab";
			sourceTree = "<group>";
		};
/* End PBXGroup section */

/* Begin PBXNativeTarget section */
		301972B4243E2456000C00FE /* Pursuit-Core-iOS-KVO-Lab */ = {
			isa = PBXNativeTarget;
			buildConfigurationList = 301972C9243E2458000C00FE /* Build configuration list for PBXNativeTarget "Pursuit-Core-iOS-KVO-Lab" */;
			buildPhases = (
				301972B1243E2456000C00FE /* Sources */,
				301972B2243E2456000C00FE /* Frameworks */,
				301972B3243E2456000C00FE /* Resources */,
			);
			buildRules = (
			);
			dependencies = (
			);
			name = "Pursuit-Core-iOS-KVO-Lab";
			productName = "Pursuit-Core-iOS-KVO-Lab";
			productReference = 301972B5243E2456000C00FE /* Pursuit-Core-iOS-KVO-Lab.app */;
			productType = "com.apple.product-type.application";
		};
/* End PBXNativeTarget section */

/* Begin PBXProject section */
		301972AD243E2456000C00FE /* Project object */ = {
			isa = PBXProject;
			attributes = {
				LastSwiftUpdateCheck = 1130;
				LastUpgradeCheck = 1130;
				ORGANIZATIONNAME = "Jaheed Haynes";
				TargetAttributes = {
					301972B4243E2456000C00FE = {
						CreatedOnToolsVersion = 11.3.1;
					};
				};
			};
			buildConfigurationList = 301972B0243E2456000C00FE /* Build configuration list for PBXProject "Pursuit-Core-iOS-KVO-Lab" */;
			compatibilityVersion = "Xcode 9.3";
			developmentRegion = en;
			hasScannedForEncodings = 0;
			knownRegions = (
				en,
				Base,
			);
			mainGroup = 301972AC243E2456000C00FE;
			productRefGroup = 301972B6243E2456000C00FE /* Products */;
			projectDirPath = "";
			projectRoot = "";
			targets = (
				301972B4243E2456000C00FE /* Pursuit-Core-iOS-KVO-Lab */,
			);
		};
/* End PBXProject section */

/* Begin PBXResourcesBuildPhase section */
		301972B3243E2456000C00FE /* Resources */ = {
			isa = PBXResourcesBuildPhase;
			buildActionMask = 2147483647;
			files = (
				301972C5243E2458000C00FE /* LaunchScreen.storyboard in Resources */,
				301972C2243E2458000C00FE /* Assets.xcassets in Resources */,
				301972C0243E2456000C00FE /* Main.storyboard in Resources */,
			);
			runOnlyForDeploymentPostprocessing = 0;
		};
/* End PBXResourcesBuildPhase section */

/* Begin PBXSourcesBuildPhase section */
		301972B1243E2456000C00FE /* Sources */ = {
			isa = PBXSourcesBuildPhase;
			buildActionMask = 2147483647;
			files = (
				301972BD243E2456000C00FE /* CreateUserViewController.swift in Sources */,
				30F7686D243E558B0050DF2A /* FinanceViewController.swift in Sources */,
				30F7686F243E55A80050DF2A /* UserInfoViewController.swift in Sources */,
				301972B9243E2456000C00FE /* AppDelegate.swift in Sources */,
				301972BB243E2456000C00FE /* SceneDelegate.swift in Sources */,
			);
			runOnlyForDeploymentPostprocessing = 0;
		};
/* End PBXSourcesBuildPhase section */

/* Begin PBXVariantGroup section */
		301972BE243E2456000C00FE /* Main.storyboard */ = {
			isa = PBXVariantGroup;
			children = (
				301972BF243E2456000C00FE /* Base */,
			);
			name = Main.storyboard;
			sourceTree = "<group>";
		};
		301972C3243E2458000C00FE /* LaunchScreen.storyboard */ = {
			isa = PBXVariantGroup;
			children = (
				301972C4243E2458000C00FE /* Base */,
			);
			name = LaunchScreen.storyboard;
			sourceTree = "<group>";
		};
/* End PBXVariantGroup section */

/* Begin XCBuildConfiguration section */
		301972C7243E2458000C00FE /* Debug */ = {
			isa = XCBuildConfiguration;
			buildSettings = {
				ALWAYS_SEARCH_USER_PATHS = NO;
				CLANG_ANALYZER_NONNULL = YES;
				CLANG_ANALYZER_NUMBER_OBJECT_CONVERSION = YES_AGGRESSIVE;
				CLANG_CXX_LANGUAGE_STANDARD = "gnu++14";
				CLANG_CXX_LIBRARY = "libc++";
				CLANG_ENABLE_MODULES = YES;
				CLANG_ENABLE_OBJC_ARC = YES;
				CLANG_ENABLE_OBJC_WEAK = YES;
				CLANG_WARN_BLOCK_CAPTURE_AUTORELEASING = YES;
				CLANG_WARN_BOOL_CONVERSION = YES;
				CLANG_WARN_COMMA = YES;
				CLANG_WARN_CONSTANT_CONVERSION = YES;
				CLANG_WARN_DEPRECATED_OBJC_IMPLEMENTATIONS = YES;
				CLANG_WARN_DIRECT_OBJC_ISA_USAGE = YES_ERROR;
				CLANG_WARN_DOCUMENTATION_COMMENTS = YES;
				CLANG_WARN_EMPTY_BODY = YES;
				CLANG_WARN_ENUM_CONVERSION = YES;
				CLANG_WARN_INFINITE_RECURSION = YES;
				CLANG_WARN_INT_CONVERSION = YES;
				CLANG_WARN_NON_LITERAL_NULL_CONVERSION = YES;
				CLANG_WARN_OBJC_IMPLICIT_RETAIN_SELF = YES;
				CLANG_WARN_OBJC_LITERAL_CONVERSION = YES;
				CLANG_WARN_OBJC_ROOT_CLASS = YES_ERROR;
				CLANG_WARN_RANGE_LOOP_ANALYSIS = YES;
				CLANG_WARN_STRICT_PROTOTYPES = YES;
				CLANG_WARN_SUSPICIOUS_MOVE = YES;
				CLANG_WARN_UNGUARDED_AVAILABILITY = YES_AGGRESSIVE;
				CLANG_WARN_UNREACHABLE_CODE = YES;
				CLANG_WARN__DUPLICATE_METHOD_MATCH = YES;
				COPY_PHASE_STRIP = NO;
				DEBUG_INFORMATION_FORMAT = dwarf;
				ENABLE_STRICT_OBJC_MSGSEND = YES;
				ENABLE_TESTABILITY = YES;
				GCC_C_LANGUAGE_STANDARD = gnu11;
				GCC_DYNAMIC_NO_PIC = NO;
				GCC_NO_COMMON_BLOCKS = YES;
				GCC_OPTIMIZATION_LEVEL = 0;
				GCC_PREPROCESSOR_DEFINITIONS = (
					"DEBUG=1",
					"$(inherited)",
				);
				GCC_WARN_64_TO_32_BIT_CONVERSION = YES;
				GCC_WARN_ABOUT_RETURN_TYPE = YES_ERROR;
				GCC_WARN_UNDECLARED_SELECTOR = YES;
				GCC_WARN_UNINITIALIZED_AUTOS = YES_AGGRESSIVE;
				GCC_WARN_UNUSED_FUNCTION = YES;
				GCC_WARN_UNUSED_VARIABLE = YES;
				IPHONEOS_DEPLOYMENT_TARGET = 13.2;
				MTL_ENABLE_DEBUG_INFO = INCLUDE_SOURCE;
				MTL_FAST_MATH = YES;
				ONLY_ACTIVE_ARCH = YES;
				SDKROOT = iphoneos;
				SWIFT_ACTIVE_COMPILATION_CONDITIONS = DEBUG;
				SWIFT_OPTIMIZATION_LEVEL = "-Onone";
			};
			name = Debug;
		};
		301972C8243E2458000C00FE /* Release */ = {
			isa = XCBuildConfiguration;
			buildSettings = {
				ALWAYS_SEARCH_USER_PATHS = NO;
				CLANG_ANALYZER_NONNULL = YES;
				CLANG_ANALYZER_NUMBER_OBJECT_CONVERSION = YES_AGGRESSIVE;
				CLANG_CXX_LANGUAGE_STANDARD = "gnu++14";
				CLANG_CXX_LIBRARY = "libc++";
				CLANG_ENABLE_MODULES = YES;
				CLANG_ENABLE_OBJC_ARC = YES;
				CLANG_ENABLE_OBJC_WEAK = YES;
				CLANG_WARN_BLOCK_CAPTURE_AUTORELEASING = YES;
				CLANG_WARN_BOOL_CONVERSION = YES;
				CLANG_WARN_COMMA = YES;
				CLANG_WARN_CONSTANT_CONVERSION = YES;
				CLANG_WARN_DEPRECATED_OBJC_IMPLEMENTATIONS = YES;
				CLANG_WARN_DIRECT_OBJC_ISA_USAGE = YES_ERROR;
				CLANG_WARN_DOCUMENTATION_COMMENTS = YES;
				CLANG_WARN_EMPTY_BODY = YES;
				CLANG_WARN_ENUM_CONVERSION = YES;
				CLANG_WARN_INFINITE_RECURSION = YES;
				CLANG_WARN_INT_CONVERSION = YES;
				CLANG_WARN_NON_LITERAL_NULL_CONVERSION = YES;
				CLANG_WARN_OBJC_IMPLICIT_RETAIN_SELF = YES;
				CLANG_WARN_OBJC_LITERAL_CONVERSION = YES;
				CLANG_WARN_OBJC_ROOT_CLASS = YES_ERROR;
				CLANG_WARN_RANGE_LOOP_ANALYSIS = YES;
				CLANG_WARN_STRICT_PROTOTYPES = YES;
				CLANG_WARN_SUSPICIOUS_MOVE = YES;
				CLANG_WARN_UNGUARDED_AVAILABILITY = YES_AGGRESSIVE;
				CLANG_WARN_UNREACHABLE_CODE = YES;
				CLANG_WARN__DUPLICATE_METHOD_MATCH = YES;
				COPY_PHASE_STRIP = NO;
				DEBUG_INFORMATION_FORMAT = "dwarf-with-dsym";
				ENABLE_NS_ASSERTIONS = NO;
				ENABLE_STRICT_OBJC_MSGSEND = YES;
				GCC_C_LANGUAGE_STANDARD = gnu11;
				GCC_NO_COMMON_BLOCKS = YES;
				GCC_WARN_64_TO_32_BIT_CONVERSION = YES;
				GCC_WARN_ABOUT_RETURN_TYPE = YES_ERROR;
				GCC_WARN_UNDECLARED_SELECTOR = YES;
				GCC_WARN_UNINITIALIZED_AUTOS = YES_AGGRESSIVE;
				GCC_WARN_UNUSED_FUNCTION = YES;
				GCC_WARN_UNUSED_VARIABLE = YES;
				IPHONEOS_DEPLOYMENT_TARGET = 13.2;
				MTL_ENABLE_DEBUG_INFO = NO;
				MTL_FAST_MATH = YES;
				SDKROOT = iphoneos;
				SWIFT_COMPILATION_MODE = wholemodule;
				SWIFT_OPTIMIZATION_LEVEL = "-O";
				VALIDATE_PRODUCT = YES;
			};
			name = Release;
		};
		301972CA243E2458000C00FE /* Debug */ = {
			isa = XCBuildConfiguration;
			buildSettings = {
				ASSETCATALOG_COMPILER_APPICON_NAME = AppIcon;
				CODE_SIGN_STYLE = Automatic;
				DEVELOPMENT_TEAM = TTN2293JXM;
				INFOPLIST_FILE = "Pursuit-Core-iOS-KVO-Lab/Info.plist";
				LD_RUNPATH_SEARCH_PATHS = (
					"$(inherited)",
					"@executable_path/Frameworks",
				);
				PRODUCT_BUNDLE_IDENTIFIER = "com.Jaheed.Pursuit-Core-iOS-KVO-Lab";
				PRODUCT_NAME = "$(TARGET_NAME)";
				SWIFT_VERSION = 5.0;
				TARGETED_DEVICE_FAMILY = "1,2";
			};
			name = Debug;
		};
		301972CB243E2458000C00FE /* Release */ = {
			isa = XCBuildConfiguration;
			buildSettings = {
				ASSETCATALOG_COMPILER_APPICON_NAME = AppIcon;
				CODE_SIGN_STYLE = Automatic;
				DEVELOPMENT_TEAM = TTN2293JXM;
				INFOPLIST_FILE = "Pursuit-Core-iOS-KVO-Lab/Info.plist";
				LD_RUNPATH_SEARCH_PATHS = (
					"$(inherited)",
					"@executable_path/Frameworks",
				);
				PRODUCT_BUNDLE_IDENTIFIER = "com.Jaheed.Pursuit-Core-iOS-KVO-Lab";
				PRODUCT_NAME = "$(TARGET_NAME)";
				SWIFT_VERSION = 5.0;
				TARGETED_DEVICE_FAMILY = "1,2";
			};
			name = Release;
		};
/* End XCBuildConfiguration section */

/* Begin XCConfigurationList section */
		301972B0243E2456000C00FE /* Build configuration list for PBXProject "Pursuit-Core-iOS-KVO-Lab" */ = {
			isa = XCConfigurationList;
			buildConfigurations = (
				301972C7243E2458000C00FE /* Debug */,
				301972C8243E2458000C00FE /* Release */,
			);
			defaultConfigurationIsVisible = 0;
			defaultConfigurationName = Release;
		};
		301972C9243E2458000C00FE /* Build configuration list for PBXNativeTarget "Pursuit-Core-iOS-KVO-Lab" */ = {
			isa = XCConfigurationList;
			buildConfigurations = (
				301972CA243E2458000C00FE /* Debug */,
				301972CB243E2458000C00FE /* Release */,
			);
			defaultConfigurationIsVisible = 0;
			defaultConfigurationName = Release;
		};
/* End XCConfigurationList section */
	};
	rootObject = 301972AD243E2456000C00FE /* Project object */;
}
